// !$*UTF8*$!
{
	archiveVersion = 1;
	classes = {
	};
	objectVersion = 46;
	objects = {

/* Begin PBXBuildFile section */
		7011FE0C1EB2EC8F00157E9B /* AppDelegate.swift in Sources */ = {isa = PBXBuildFile; fileRef = 7011FE0B1EB2EC8F00157E9B /* AppDelegate.swift */; };
		7011FE131EB2EC8F00157E9B /* Assets.xcassets in Resources */ = {isa = PBXBuildFile; fileRef = 7011FE121EB2EC8F00157E9B /* Assets.xcassets */; };
		7011FE161EB2EC8F00157E9B /* LaunchScreen.storyboard in Resources */ = {isa = PBXBuildFile; fileRef = 7011FE141EB2EC8F00157E9B /* LaunchScreen.storyboard */; };
		7011FE1C1EB2EC9D00157E9B /* BarChartViewController.swift in Sources */ = {isa = PBXBuildFile; fileRef = 7011FE1B1EB2EC9D00157E9B /* BarChartViewController.swift */; };
		7011FE1D1EB2ED0000157E9B /* HamsterUIKit.framework in Frameworks */ = {isa = PBXBuildFile; fileRef = 709A437E1EA3262C0076CED4 /* HamsterUIKit.framework */; };
		7011FE1E1EB2ED0000157E9B /* HamsterUIKit.framework in Embed Frameworks */ = {isa = PBXBuildFile; fileRef = 709A437E1EA3262C0076CED4 /* HamsterUIKit.framework */; settings = {ATTRIBUTES = (CodeSignOnCopy, RemoveHeadersOnCopy, ); }; };
		7011FE231EB2F4F700157E9B /* HamsLabelStyle.swift in Sources */ = {isa = PBXBuildFile; fileRef = 7011FE221EB2F4F700157E9B /* HamsLabelStyle.swift */; };
		7011FE251EB39B3A00157E9B /* HamsCurveChartController.swift in Sources */ = {isa = PBXBuildFile; fileRef = 7011FE241EB39B3A00157E9B /* HamsCurveChartController.swift */; };
		7011FE281EB39B9000157E9B /* Main.storyboard in Resources */ = {isa = PBXBuildFile; fileRef = 7011FE261EB39B9000157E9B /* Main.storyboard */; };
		7011FE2C1EB4036700157E9B /* HamsChartBase.swift in Sources */ = {isa = PBXBuildFile; fileRef = 7011FE2B1EB4036700157E9B /* HamsChartBase.swift */; };
		70147FFF1EAD34030065F8BF /* ChartsCore.swift in Sources */ = {isa = PBXBuildFile; fileRef = 70147FFD1EAD34030065F8BF /* ChartsCore.swift */; };
		701480001EAD34030065F8BF /* QuadCurvedAlgorithm.swift in Sources */ = {isa = PBXBuildFile; fileRef = 70147FFE1EAD34030065F8BF /* QuadCurvedAlgorithm.swift */; };
		701480031EAD34AB0065F8BF /* HamsCurveChart.swift in Sources */ = {isa = PBXBuildFile; fileRef = 701480011EAD34AB0065F8BF /* HamsCurveChart.swift */; };
		701480041EAD34AB0065F8BF /* HamsCurveChartPoint.swift in Sources */ = {isa = PBXBuildFile; fileRef = 701480021EAD34AB0065F8BF /* HamsCurveChartPoint.swift */; };
		701480061EAD35E00065F8BF /* HamsBackgoundStyle.swift in Sources */ = {isa = PBXBuildFile; fileRef = 701480051EAD35E00065F8BF /* HamsBackgoundStyle.swift */; };
		701480081EAD36330065F8BF /* HamsIndexPath.swift in Sources */ = {isa = PBXBuildFile; fileRef = 701480071EAD36330065F8BF /* HamsIndexPath.swift */; };
		7014800B1EAD3FF40065F8BF /* ChartOffset.swift in Sources */ = {isa = PBXBuildFile; fileRef = 7014800A1EAD3FF40065F8BF /* ChartOffset.swift */; };
		7037D1351EB64AD800B8CB00 /* HelloBarChartViewController.swift in Sources */ = {isa = PBXBuildFile; fileRef = 7037D1341EB64AD800B8CB00 /* HelloBarChartViewController.swift */; };
		706153231EAFA7B90078250E /* HamsBarChart.swift in Sources */ = {isa = PBXBuildFile; fileRef = 706153221EAFA7B90078250E /* HamsBarChart.swift */; };
		706153271EAFDA690078250E /* HamsBarChartRect.swift in Sources */ = {isa = PBXBuildFile; fileRef = 706153261EAFDA690078250E /* HamsBarChartRect.swift */; };
		709A43881EA3262C0076CED4 /* HamsterUIKit.framework in Frameworks */ = {isa = PBXBuildFile; fileRef = 709A437E1EA3262C0076CED4 /* HamsterUIKit.framework */; };
		709A438D1EA3262C0076CED4 /* HamsterUIKitTests.swift in Sources */ = {isa = PBXBuildFile; fileRef = 709A438C1EA3262C0076CED4 /* HamsterUIKitTests.swift */; };
		709A438F1EA3262C0076CED4 /* HamsterUIKit.h in Headers */ = {isa = PBXBuildFile; fileRef = 709A43811EA3262C0076CED4 /* HamsterUIKit.h */; settings = {ATTRIBUTES = (Public, ); }; };
		709A43A81EA3AECA0076CED4 /* Extension.swift in Sources */ = {isa = PBXBuildFile; fileRef = 709A43A71EA3AECA0076CED4 /* Extension.swift */; };
/* End PBXBuildFile section */

/* Begin PBXContainerItemProxy section */
		7011FE1F1EB2ED0000157E9B /* PBXContainerItemProxy */ = {
			isa = PBXContainerItemProxy;
			containerPortal = 709A43751EA3262C0076CED4 /* Project object */;
			proxyType = 1;
			remoteGlobalIDString = 709A437D1EA3262C0076CED4;
			remoteInfo = HamsterUIKit;
		};
		709A43891EA3262C0076CED4 /* PBXContainerItemProxy */ = {
			isa = PBXContainerItemProxy;
			containerPortal = 709A43751EA3262C0076CED4 /* Project object */;
			proxyType = 1;
			remoteGlobalIDString = 709A437D1EA3262C0076CED4;
			remoteInfo = HamsterUIKit;
		};
/* End PBXContainerItemProxy section */

/* Begin PBXCopyFilesBuildPhase section */
		7011FE211EB2ED0000157E9B /* Embed Frameworks */ = {
			isa = PBXCopyFilesBuildPhase;
			buildActionMask = 2147483647;
			dstPath = "";
			dstSubfolderSpec = 10;
			files = (
				7011FE1E1EB2ED0000157E9B /* HamsterUIKit.framework in Embed Frameworks */,
			);
			name = "Embed Frameworks";
			runOnlyForDeploymentPostprocessing = 0;
		};
/* End PBXCopyFilesBuildPhase section */

/* Begin PBXFileReference section */
		7011FE091EB2EC8F00157E9B /* HamsterUIKitExample.app */ = {isa = PBXFileReference; explicitFileType = wrapper.application; includeInIndex = 0; path = HamsterUIKitExample.app; sourceTree = BUILT_PRODUCTS_DIR; };
		7011FE0B1EB2EC8F00157E9B /* AppDelegate.swift */ = {isa = PBXFileReference; lastKnownFileType = sourcecode.swift; path = AppDelegate.swift; sourceTree = "<group>"; };
		7011FE121EB2EC8F00157E9B /* Assets.xcassets */ = {isa = PBXFileReference; lastKnownFileType = folder.assetcatalog; path = Assets.xcassets; sourceTree = "<group>"; };
		7011FE151EB2EC8F00157E9B /* Base */ = {isa = PBXFileReference; lastKnownFileType = file.storyboard; name = Base; path = Base.lproj/LaunchScreen.storyboard; sourceTree = "<group>"; };
		7011FE171EB2EC8F00157E9B /* Info.plist */ = {isa = PBXFileReference; lastKnownFileType = text.plist.xml; path = Info.plist; sourceTree = "<group>"; };
		7011FE1B1EB2EC9D00157E9B /* BarChartViewController.swift */ = {isa = PBXFileReference; fileEncoding = 4; lastKnownFileType = sourcecode.swift; path = BarChartViewController.swift; sourceTree = "<group>"; };
		7011FE221EB2F4F700157E9B /* HamsLabelStyle.swift */ = {isa = PBXFileReference; fileEncoding = 4; lastKnownFileType = sourcecode.swift; path = HamsLabelStyle.swift; sourceTree = "<group>"; };
		7011FE241EB39B3A00157E9B /* HamsCurveChartController.swift */ = {isa = PBXFileReference; fileEncoding = 4; lastKnownFileType = sourcecode.swift; path = HamsCurveChartController.swift; sourceTree = "<group>"; };
		7011FE271EB39B9000157E9B /* Base */ = {isa = PBXFileReference; lastKnownFileType = file.storyboard; name = Base; path = Base.lproj/Main.storyboard; sourceTree = "<group>"; };
		7011FE2B1EB4036700157E9B /* HamsChartBase.swift */ = {isa = PBXFileReference; fileEncoding = 4; lastKnownFileType = sourcecode.swift; path = HamsChartBase.swift; sourceTree = "<group>"; };
		70147FFD1EAD34030065F8BF /* ChartsCore.swift */ = {isa = PBXFileReference; fileEncoding = 4; lastKnownFileType = sourcecode.swift; path = ChartsCore.swift; sourceTree = "<group>"; };
		70147FFE1EAD34030065F8BF /* QuadCurvedAlgorithm.swift */ = {isa = PBXFileReference; fileEncoding = 4; lastKnownFileType = sourcecode.swift; path = QuadCurvedAlgorithm.swift; sourceTree = "<group>"; };
		701480011EAD34AB0065F8BF /* HamsCurveChart.swift */ = {isa = PBXFileReference; fileEncoding = 4; lastKnownFileType = sourcecode.swift; path = HamsCurveChart.swift; sourceTree = "<group>"; };
		701480021EAD34AB0065F8BF /* HamsCurveChartPoint.swift */ = {isa = PBXFileReference; fileEncoding = 4; lastKnownFileType = sourcecode.swift; path = HamsCurveChartPoint.swift; sourceTree = "<group>"; };
		701480051EAD35E00065F8BF /* HamsBackgoundStyle.swift */ = {isa = PBXFileReference; fileEncoding = 4; lastKnownFileType = sourcecode.swift; path = HamsBackgoundStyle.swift; sourceTree = "<group>"; };
		701480071EAD36330065F8BF /* HamsIndexPath.swift */ = {isa = PBXFileReference; fileEncoding = 4; lastKnownFileType = sourcecode.swift; path = HamsIndexPath.swift; sourceTree = "<group>"; };
		7014800A1EAD3FF40065F8BF /* ChartOffset.swift */ = {isa = PBXFileReference; fileEncoding = 4; lastKnownFileType = sourcecode.swift; path = ChartOffset.swift; sourceTree = "<group>"; };
		7037D1341EB64AD800B8CB00 /* HelloBarChartViewController.swift */ = {isa = PBXFileReference; fileEncoding = 4; lastKnownFileType = sourcecode.swift; path = HelloBarChartViewController.swift; sourceTree = "<group>"; };
		706153221EAFA7B90078250E /* HamsBarChart.swift */ = {isa = PBXFileReference; fileEncoding = 4; lastKnownFileType = sourcecode.swift; path = HamsBarChart.swift; sourceTree = "<group>"; };
		706153261EAFDA690078250E /* HamsBarChartRect.swift */ = {isa = PBXFileReference; fileEncoding = 4; lastKnownFileType = sourcecode.swift; path = HamsBarChartRect.swift; sourceTree = "<group>"; };
		709A437E1EA3262C0076CED4 /* HamsterUIKit.framework */ = {isa = PBXFileReference; explicitFileType = wrapper.framework; includeInIndex = 0; path = HamsterUIKit.framework; sourceTree = BUILT_PRODUCTS_DIR; };
		709A43811EA3262C0076CED4 /* HamsterUIKit.h */ = {isa = PBXFileReference; lastKnownFileType = sourcecode.c.h; path = HamsterUIKit.h; sourceTree = "<group>"; };
		709A43821EA3262C0076CED4 /* Info.plist */ = {isa = PBXFileReference; lastKnownFileType = text.plist.xml; path = Info.plist; sourceTree = "<group>"; };
		709A43871EA3262C0076CED4 /* HamsterUIKitTests.xctest */ = {isa = PBXFileReference; explicitFileType = wrapper.cfbundle; includeInIndex = 0; path = HamsterUIKitTests.xctest; sourceTree = BUILT_PRODUCTS_DIR; };
		709A438C1EA3262C0076CED4 /* HamsterUIKitTests.swift */ = {isa = PBXFileReference; lastKnownFileType = sourcecode.swift; path = HamsterUIKitTests.swift; sourceTree = "<group>"; };
		709A438E1EA3262C0076CED4 /* Info.plist */ = {isa = PBXFileReference; lastKnownFileType = text.plist.xml; path = Info.plist; sourceTree = "<group>"; };
		709A43A71EA3AECA0076CED4 /* Extension.swift */ = {isa = PBXFileReference; fileEncoding = 4; lastKnownFileType = sourcecode.swift; path = Extension.swift; sourceTree = "<group>"; };
/* End PBXFileReference section */

/* Begin PBXFrameworksBuildPhase section */
		7011FE061EB2EC8F00157E9B /* Frameworks */ = {
			isa = PBXFrameworksBuildPhase;
			buildActionMask = 2147483647;
			files = (
				7011FE1D1EB2ED0000157E9B /* HamsterUIKit.framework in Frameworks */,
			);
			runOnlyForDeploymentPostprocessing = 0;
		};
		709A437A1EA3262C0076CED4 /* Frameworks */ = {
			isa = PBXFrameworksBuildPhase;
			buildActionMask = 2147483647;
			files = (
			);
			runOnlyForDeploymentPostprocessing = 0;
		};
		709A43841EA3262C0076CED4 /* Frameworks */ = {
			isa = PBXFrameworksBuildPhase;
			buildActionMask = 2147483647;
			files = (
				709A43881EA3262C0076CED4 /* HamsterUIKit.framework in Frameworks */,
			);
			runOnlyForDeploymentPostprocessing = 0;
		};
/* End PBXFrameworksBuildPhase section */

/* Begin PBXGroup section */
		7011FE0A1EB2EC8F00157E9B /* HamsterUIKitExample */ = {
			isa = PBXGroup;
			children = (
				7011FE0B1EB2EC8F00157E9B /* AppDelegate.swift */,
				7011FE241EB39B3A00157E9B /* HamsCurveChartController.swift */,
				7011FE1B1EB2EC9D00157E9B /* BarChartViewController.swift */,
				7011FE261EB39B9000157E9B /* Main.storyboard */,
				7011FE121EB2EC8F00157E9B /* Assets.xcassets */,
				7011FE141EB2EC8F00157E9B /* LaunchScreen.storyboard */,
				7011FE171EB2EC8F00157E9B /* Info.plist */,
				7037D1341EB64AD800B8CB00 /* HelloBarChartViewController.swift */,
			);
			path = HamsterUIKitExample;
			sourceTree = "<group>";
		};
		709A43741EA3262C0076CED4 = {
			isa = PBXGroup;
			children = (
				709A43801EA3262C0076CED4 /* HamsterUIKit */,
				709A438B1EA3262C0076CED4 /* HamsterUIKitTests */,
				7011FE0A1EB2EC8F00157E9B /* HamsterUIKitExample */,
				709A437F1EA3262C0076CED4 /* Products */,
			);
			sourceTree = "<group>";
		};
		709A437F1EA3262C0076CED4 /* Products */ = {
			isa = PBXGroup;
			children = (
				709A437E1EA3262C0076CED4 /* HamsterUIKit.framework */,
				709A43871EA3262C0076CED4 /* HamsterUIKitTests.xctest */,
				7011FE091EB2EC8F00157E9B /* HamsterUIKitExample.app */,
			);
			name = Products;
			sourceTree = "<group>";
		};
		709A43801EA3262C0076CED4 /* HamsterUIKit */ = {
			isa = PBXGroup;
			children = (
				709A43981EA326F20076CED4 /* Libraries */,
				709A43811EA3262C0076CED4 /* HamsterUIKit.h */,
				706153261EAFDA690078250E /* HamsBarChartRect.swift */,
				706153221EAFA7B90078250E /* HamsBarChart.swift */,
				701480011EAD34AB0065F8BF /* HamsCurveChart.swift */,
				701480021EAD34AB0065F8BF /* HamsCurveChartPoint.swift */,
				709A43821EA3262C0076CED4 /* Info.plist */,
				701480051EAD35E00065F8BF /* HamsBackgoundStyle.swift */,
				701480071EAD36330065F8BF /* HamsIndexPath.swift */,
				7011FE221EB2F4F700157E9B /* HamsLabelStyle.swift */,
				7011FE2B1EB4036700157E9B /* HamsChartBase.swift */,
			);
			path = HamsterUIKit;
			sourceTree = "<group>";
		};
		709A438B1EA3262C0076CED4 /* HamsterUIKitTests */ = {
			isa = PBXGroup;
			children = (
				709A438C1EA3262C0076CED4 /* HamsterUIKitTests.swift */,
				709A438E1EA3262C0076CED4 /* Info.plist */,
			);
			path = HamsterUIKitTests;
			sourceTree = "<group>";
		};
		709A43981EA326F20076CED4 /* Libraries */ = {
			isa = PBXGroup;
			children = (
				70147FFD1EAD34030065F8BF /* ChartsCore.swift */,
				70147FFE1EAD34030065F8BF /* QuadCurvedAlgorithm.swift */,
				709A43A71EA3AECA0076CED4 /* Extension.swift */,
				7014800A1EAD3FF40065F8BF /* ChartOffset.swift */,
			);
			name = Libraries;
			sourceTree = "<group>";
		};
/* End PBXGroup section */

/* Begin PBXHeadersBuildPhase section */
		709A437B1EA3262C0076CED4 /* Headers */ = {
			isa = PBXHeadersBuildPhase;
			buildActionMask = 2147483647;
			files = (
				709A438F1EA3262C0076CED4 /* HamsterUIKit.h in Headers */,
			);
			runOnlyForDeploymentPostprocessing = 0;
		};
/* End PBXHeadersBuildPhase section */

/* Begin PBXNativeTarget section */
		7011FE081EB2EC8F00157E9B /* HamsterUIKitExample */ = {
			isa = PBXNativeTarget;
			buildConfigurationList = 7011FE181EB2EC8F00157E9B /* Build configuration list for PBXNativeTarget "HamsterUIKitExample" */;
			buildPhases = (
				7011FE051EB2EC8F00157E9B /* Sources */,
				7011FE061EB2EC8F00157E9B /* Frameworks */,
				7011FE071EB2EC8F00157E9B /* Resources */,
				7011FE211EB2ED0000157E9B /* Embed Frameworks */,
			);
			buildRules = (
			);
			dependencies = (
				7011FE201EB2ED0000157E9B /* PBXTargetDependency */,
			);
			name = HamsterUIKitExample;
			productName = HamsterUIKitExample;
			productReference = 7011FE091EB2EC8F00157E9B /* HamsterUIKitExample.app */;
			productType = "com.apple.product-type.application";
		};
		709A437D1EA3262C0076CED4 /* HamsterUIKit */ = {
			isa = PBXNativeTarget;
			buildConfigurationList = 709A43921EA3262C0076CED4 /* Build configuration list for PBXNativeTarget "HamsterUIKit" */;
			buildPhases = (
				709A43791EA3262C0076CED4 /* Sources */,
				709A437A1EA3262C0076CED4 /* Frameworks */,
				709A437B1EA3262C0076CED4 /* Headers */,
				709A437C1EA3262C0076CED4 /* Resources */,
			);
			buildRules = (
			);
			dependencies = (
			);
			name = HamsterUIKit;
			productName = HamsterUIKit;
			productReference = 709A437E1EA3262C0076CED4 /* HamsterUIKit.framework */;
			productType = "com.apple.product-type.framework";
		};
		709A43861EA3262C0076CED4 /* HamsterUIKitTests */ = {
			isa = PBXNativeTarget;
			buildConfigurationList = 709A43951EA3262C0076CED4 /* Build configuration list for PBXNativeTarget "HamsterUIKitTests" */;
			buildPhases = (
				709A43831EA3262C0076CED4 /* Sources */,
				709A43841EA3262C0076CED4 /* Frameworks */,
				709A43851EA3262C0076CED4 /* Resources */,
			);
			buildRules = (
			);
			dependencies = (
				709A438A1EA3262C0076CED4 /* PBXTargetDependency */,
			);
			name = HamsterUIKitTests;
			productName = HamsterUIKitTests;
			productReference = 709A43871EA3262C0076CED4 /* HamsterUIKitTests.xctest */;
			productType = "com.apple.product-type.bundle.unit-test";
		};
/* End PBXNativeTarget section */

/* Begin PBXProject section */
		709A43751EA3262C0076CED4 /* Project object */ = {
			isa = PBXProject;
			attributes = {
				LastSwiftUpdateCheck = 0830;
				LastUpgradeCheck = 0830;
				ORGANIZATIONNAME = "Howard Wang";
				TargetAttributes = {
					7011FE081EB2EC8F00157E9B = {
						CreatedOnToolsVersion = 8.3.2;
						DevelopmentTeam = Q5YD476ZAX;
						ProvisioningStyle = Automatic;
					};
					709A437D1EA3262C0076CED4 = {
						CreatedOnToolsVersion = 8.3.1;
						DevelopmentTeam = Q5YD476ZAX;
						LastSwiftMigration = 0830;
						ProvisioningStyle = Automatic;
					};
					709A43861EA3262C0076CED4 = {
						CreatedOnToolsVersion = 8.3.1;
						DevelopmentTeam = Q5YD476ZAX;
						ProvisioningStyle = Automatic;
					};
				};
			};
			buildConfigurationList = 709A43781EA3262C0076CED4 /* Build configuration list for PBXProject "HamsterUIKit" */;
			compatibilityVersion = "Xcode 3.2";
			developmentRegion = English;
			hasScannedForEncodings = 0;
			knownRegions = (
				en,
				Base,
			);
			mainGroup = 709A43741EA3262C0076CED4;
			productRefGroup = 709A437F1EA3262C0076CED4 /* Products */;
			projectDirPath = "";
			projectRoot = "";
			targets = (
				709A437D1EA3262C0076CED4 /* HamsterUIKit */,
				709A43861EA3262C0076CED4 /* HamsterUIKitTests */,
				7011FE081EB2EC8F00157E9B /* HamsterUIKitExample */,
			);
		};
/* End PBXProject section */

/* Begin PBXResourcesBuildPhase section */
		7011FE071EB2EC8F00157E9B /* Resources */ = {
			isa = PBXResourcesBuildPhase;
			buildActionMask = 2147483647;
			files = (
				7011FE281EB39B9000157E9B /* Main.storyboard in Resources */,
				7011FE161EB2EC8F00157E9B /* LaunchScreen.storyboard in Resources */,
				7011FE131EB2EC8F00157E9B /* Assets.xcassets in Resources */,
			);
			runOnlyForDeploymentPostprocessing = 0;
		};
		709A437C1EA3262C0076CED4 /* Resources */ = {
			isa = PBXResourcesBuildPhase;
			buildActionMask = 2147483647;
			files = (
			);
			runOnlyForDeploymentPostprocessing = 0;
		};
		709A43851EA3262C0076CED4 /* Resources */ = {
			isa = PBXResourcesBuildPhase;
			buildActionMask = 2147483647;
			files = (
			);
			runOnlyForDeploymentPostprocessing = 0;
		};
/* End PBXResourcesBuildPhase section */

/* Begin PBXSourcesBuildPhase section */
		7011FE051EB2EC8F00157E9B /* Sources */ = {
			isa = PBXSourcesBuildPhase;
			buildActionMask = 2147483647;
			files = (
				7011FE0C1EB2EC8F00157E9B /* AppDelegate.swift in Sources */,
				7011FE251EB39B3A00157E9B /* HamsCurveChartController.swift in Sources */,
				7037D1351EB64AD800B8CB00 /* HelloBarChartViewController.swift in Sources */,
				7011FE1C1EB2EC9D00157E9B /* BarChartViewController.swift in Sources */,
			);
			runOnlyForDeploymentPostprocessing = 0;
		};
		709A43791EA3262C0076CED4 /* Sources */ = {
			isa = PBXSourcesBuildPhase;
			buildActionMask = 2147483647;
			files = (
				709A43A81EA3AECA0076CED4 /* Extension.swift in Sources */,
				701480061EAD35E00065F8BF /* HamsBackgoundStyle.swift in Sources */,
				701480041EAD34AB0065F8BF /* HamsCurveChartPoint.swift in Sources */,
				706153271EAFDA690078250E /* HamsBarChartRect.swift in Sources */,
				7011FE2C1EB4036700157E9B /* HamsChartBase.swift in Sources */,
				7011FE231EB2F4F700157E9B /* HamsLabelStyle.swift in Sources */,
				701480081EAD36330065F8BF /* HamsIndexPath.swift in Sources */,
				70147FFF1EAD34030065F8BF /* ChartsCore.swift in Sources */,
				706153231EAFA7B90078250E /* HamsBarChart.swift in Sources */,
				7014800B1EAD3FF40065F8BF /* ChartOffset.swift in Sources */,
				701480001EAD34030065F8BF /* QuadCurvedAlgorithm.swift in Sources */,
				701480031EAD34AB0065F8BF /* HamsCurveChart.swift in Sources */,
			);
			runOnlyForDeploymentPostprocessing = 0;
		};
		709A43831EA3262C0076CED4 /* Sources */ = {
			isa = PBXSourcesBuildPhase;
			buildActionMask = 2147483647;
			files = (
				709A438D1EA3262C0076CED4 /* HamsterUIKitTests.swift in Sources */,
			);
			runOnlyForDeploymentPostprocessing = 0;
		};
/* End PBXSourcesBuildPhase section */

/* Begin PBXTargetDependency section */
		7011FE201EB2ED0000157E9B /* PBXTargetDependency */ = {
			isa = PBXTargetDependency;
			target = 709A437D1EA3262C0076CED4 /* HamsterUIKit */;
			targetProxy = 7011FE1F1EB2ED0000157E9B /* PBXContainerItemProxy */;
		};
		709A438A1EA3262C0076CED4 /* PBXTargetDependency */ = {
			isa = PBXTargetDependency;
			target = 709A437D1EA3262C0076CED4 /* HamsterUIKit */;
			targetProxy = 709A43891EA3262C0076CED4 /* PBXContainerItemProxy */;
		};
/* End PBXTargetDependency section */

/* Begin PBXVariantGroup section */
		7011FE141EB2EC8F00157E9B /* LaunchScreen.storyboard */ = {
			isa = PBXVariantGroup;
			children = (
				7011FE151EB2EC8F00157E9B /* Base */,
			);
			name = LaunchScreen.storyboard;
			sourceTree = "<group>";
		};
		7011FE261EB39B9000157E9B /* Main.storyboard */ = {
			isa = PBXVariantGroup;
			children = (
				7011FE271EB39B9000157E9B /* Base */,
			);
			name = Main.storyboard;
			sourceTree = "<group>";
		};
/* End PBXVariantGroup section */

/* Begin XCBuildConfiguration section */
		7011FE191EB2EC8F00157E9B /* Debug */ = {
			isa = XCBuildConfiguration;
			buildSettings = {
				ALWAYS_EMBED_SWIFT_STANDARD_LIBRARIES = YES;
				ASSETCATALOG_COMPILER_APPICON_NAME = AppIcon;
				DEVELOPMENT_TEAM = Q5YD476ZAX;
				INFOPLIST_FILE = HamsterUIKitExample/Info.plist;
				IPHONEOS_DEPLOYMENT_TARGET = 10.0;
				LD_RUNPATH_SEARCH_PATHS = "$(inherited) @executable_path/Frameworks";
				PRODUCT_BUNDLE_IDENTIFIER = howard.HamsterUIKitExample;
				PRODUCT_NAME = "$(TARGET_NAME)";
				SWIFT_VERSION = 3.0;
			};
			name = Debug;
		};
		7011FE1A1EB2EC8F00157E9B /* Release */ = {
			isa = XCBuildConfiguration;
			buildSettings = {
				ALWAYS_EMBED_SWIFT_STANDARD_LIBRARIES = YES;
				ASSETCATALOG_COMPILER_APPICON_NAME = AppIcon;
				DEVELOPMENT_TEAM = Q5YD476ZAX;
				INFOPLIST_FILE = HamsterUIKitExample/Info.plist;
				IPHONEOS_DEPLOYMENT_TARGET = 10.0;
				LD_RUNPATH_SEARCH_PATHS = "$(inherited) @executable_path/Frameworks";
				PRODUCT_BUNDLE_IDENTIFIER = howard.HamsterUIKitExample;
				PRODUCT_NAME = "$(TARGET_NAME)";
				SWIFT_VERSION = 3.0;
			};
			name = Release;
		};
		709A43901EA3262C0076CED4 /* Debug */ = {
			isa = XCBuildConfiguration;
			buildSettings = {
				ALWAYS_SEARCH_USER_PATHS = NO;
				CLANG_ANALYZER_NONNULL = YES;
				CLANG_ANALYZER_NUMBER_OBJECT_CONVERSION = YES_AGGRESSIVE;
				CLANG_CXX_LANGUAGE_STANDARD = "gnu++0x";
				CLANG_CXX_LIBRARY = "libc++";
				CLANG_ENABLE_MODULES = YES;
				CLANG_ENABLE_OBJC_ARC = YES;
				CLANG_WARN_BOOL_CONVERSION = YES;
				CLANG_WARN_CONSTANT_CONVERSION = YES;
				CLANG_WARN_DIRECT_OBJC_ISA_USAGE = YES_ERROR;
				CLANG_WARN_DOCUMENTATION_COMMENTS = YES;
				CLANG_WARN_EMPTY_BODY = YES;
				CLANG_WARN_ENUM_CONVERSION = YES;
				CLANG_WARN_INFINITE_RECURSION = YES;
				CLANG_WARN_INT_CONVERSION = YES;
				CLANG_WARN_OBJC_ROOT_CLASS = YES_ERROR;
				CLANG_WARN_SUSPICIOUS_MOVE = YES;
				CLANG_WARN_UNREACHABLE_CODE = YES;
				CLANG_WARN__DUPLICATE_METHOD_MATCH = YES;
				"CODE_SIGN_IDENTITY[sdk=iphoneos*]" = "iPhone Developer";
				COPY_PHASE_STRIP = NO;
				CURRENT_PROJECT_VERSION = 1;
				DEBUG_INFORMATION_FORMAT = dwarf;
				ENABLE_STRICT_OBJC_MSGSEND = YES;
				ENABLE_TESTABILITY = YES;
				GCC_C_LANGUAGE_STANDARD = gnu99;
				GCC_DYNAMIC_NO_PIC = NO;
				GCC_NO_COMMON_BLOCKS = YES;
				GCC_OPTIMIZATION_LEVEL = 0;
				GCC_PREPROCESSOR_DEFINITIONS = (
					"DEBUG=1",
					"$(inherited)",
				);
				GCC_WARN_64_TO_32_BIT_CONVERSION = YES;
				GCC_WARN_ABOUT_RETURN_TYPE = YES_ERROR;
				GCC_WARN_UNDECLARED_SELECTOR = YES;
				GCC_WARN_UNINITIALIZED_AUTOS = YES_AGGRESSIVE;
				GCC_WARN_UNUSED_FUNCTION = YES;
				GCC_WARN_UNUSED_VARIABLE = YES;
				IPHONEOS_DEPLOYMENT_TARGET = 10.0;
				MTL_ENABLE_DEBUG_INFO = YES;
				ONLY_ACTIVE_ARCH = YES;
				SDKROOT = iphoneos;
				SWIFT_ACTIVE_COMPILATION_CONDITIONS = DEBUG;
				SWIFT_OPTIMIZATION_LEVEL = "-Onone";
				TARGETED_DEVICE_FAMILY = "1,2";
				VERSIONING_SYSTEM = "apple-generic";
				VERSION_INFO_PREFIX = "";
			};
			name = Debug;
		};
		709A43911EA3262C0076CED4 /* Release */ = {
			isa = XCBuildConfiguration;
			buildSettings = {
				ALWAYS_SEARCH_USER_PATHS = NO;
				CLANG_ANALYZER_NONNULL = YES;
				CLANG_ANALYZER_NUMBER_OBJECT_CONVERSION = YES_AGGRESSIVE;
				CLANG_CXX_LANGUAGE_STANDARD = "gnu++0x";
				CLANG_CXX_LIBRARY = "libc++";
				CLANG_ENABLE_MODULES = YES;
				CLANG_ENABLE_OBJC_ARC = YES;
				CLANG_WARN_BOOL_CONVERSION = YES;
				CLANG_WARN_CONSTANT_CONVERSION = YES;
				CLANG_WARN_DIRECT_OBJC_ISA_USAGE = YES_ERROR;
				CLANG_WARN_DOCUMENTATION_COMMENTS = YES;
				CLANG_WARN_EMPTY_BODY = YES;
				CLANG_WARN_ENUM_CONVERSION = YES;
				CLANG_WARN_INFINITE_RECURSION = YES;
				CLANG_WARN_INT_CONVERSION = YES;
				CLANG_WARN_OBJC_ROOT_CLASS = YES_ERROR;
				CLANG_WARN_SUSPICIOUS_MOVE = YES;
				CLANG_WARN_UNREACHABLE_CODE = YES;
				CLANG_WARN__DUPLICATE_METHOD_MATCH = YES;
				"CODE_SIGN_IDENTITY[sdk=iphoneos*]" = "iPhone Developer";
				COPY_PHASE_STRIP = NO;
				CURRENT_PROJECT_VERSION = 1;
				DEBUG_INFORMATION_FORMAT = "dwarf-with-dsym";
				ENABLE_NS_ASSERTIONS = NO;
				ENABLE_STRICT_OBJC_MSGSEND = YES;
				GCC_C_LANGUAGE_STANDARD = gnu99;
				GCC_NO_COMMON_BLOCKS = YES;
				GCC_WARN_64_TO_32_BIT_CONVERSION = YES;
				GCC_WARN_ABOUT_RETURN_TYPE = YES_ERROR;
				GCC_WARN_UNDECLARED_SELECTOR = YES;
				GCC_WARN_UNINITIALIZED_AUTOS = YES_AGGRESSIVE;
				GCC_WARN_UNUSED_FUNCTION = YES;
				GCC_WARN_UNUSED_VARIABLE = YES;
				IPHONEOS_DEPLOYMENT_TARGET = 10.0;
				MTL_ENABLE_DEBUG_INFO = NO;
				SDKROOT = iphoneos;
				SWIFT_OPTIMIZATION_LEVEL = "-Owholemodule";
				TARGETED_DEVICE_FAMILY = "1,2";
				VALIDATE_PRODUCT = YES;
				VERSIONING_SYSTEM = "apple-generic";
				VERSION_INFO_PREFIX = "";
			};
			name = Release;
		};
		709A43931EA3262C0076CED4 /* Debug */ = {
			isa = XCBuildConfiguration;
			buildSettings = {
				CLANG_ENABLE_MODULES = YES;
				CODE_SIGN_IDENTITY = "";
				DEFINES_MODULE = YES;
				DEVELOPMENT_TEAM = Q5YD476ZAX;
				DYLIB_COMPATIBILITY_VERSION = 1;
				DYLIB_CURRENT_VERSION = 1;
				DYLIB_INSTALL_NAME_BASE = "@rpath";
				INFOPLIST_FILE = HamsterUIKit/Info.plist;
				INSTALL_PATH = "$(LOCAL_LIBRARY_DIR)/Frameworks";
				IPHONEOS_DEPLOYMENT_TARGET = 10.0;
				LD_RUNPATH_SEARCH_PATHS = "$(inherited) @executable_path/Frameworks @loader_path/Frameworks";
				PRODUCT_BUNDLE_IDENTIFIER = howard.HamsterUIKit;
				PRODUCT_NAME = "$(TARGET_NAME)";
				SKIP_INSTALL = YES;
				SWIFT_OPTIMIZATION_LEVEL = "-Onone";
				SWIFT_VERSION = 3.0;
			};
			name = Debug;
		};
		709A43941EA3262C0076CED4 /* Release */ = {
			isa = XCBuildConfiguration;
			buildSettings = {
				CLANG_ENABLE_MODULES = YES;
				CODE_SIGN_IDENTITY = "";
				DEFINES_MODULE = YES;
				DEVELOPMENT_TEAM = Q5YD476ZAX;
				DYLIB_COMPATIBILITY_VERSION = 1;
				DYLIB_CURRENT_VERSION = 1;
				DYLIB_INSTALL_NAME_BASE = "@rpath";
				INFOPLIST_FILE = HamsterUIKit/Info.plist;
				INSTALL_PATH = "$(LOCAL_LIBRARY_DIR)/Frameworks";
				IPHONEOS_DEPLOYMENT_TARGET = 10.0;
				LD_RUNPATH_SEARCH_PATHS = "$(inherited) @executable_path/Frameworks @loader_path/Frameworks";
				PRODUCT_BUNDLE_IDENTIFIER = howard.HamsterUIKit;
				PRODUCT_NAME = "$(TARGET_NAME)";
				SKIP_INSTALL = YES;
				SWIFT_VERSION = 3.0;
			};
			name = Release;
		};
		709A43961EA3262C0076CED4 /* Debug */ = {
			isa = XCBuildConfiguration;
			buildSettings = {
				ALWAYS_EMBED_SWIFT_STANDARD_LIBRARIES = YES;
				DEVELOPMENT_TEAM = Q5YD476ZAX;
				INFOPLIST_FILE = HamsterUIKitTests/Info.plist;
				LD_RUNPATH_SEARCH_PATHS = "$(inherited) @executable_path/Frameworks @loader_path/Frameworks";
				PRODUCT_BUNDLE_IDENTIFIER = howard.HamsterUIKitTests;
				PRODUCT_NAME = "$(TARGET_NAME)";
				SWIFT_VERSION = 3.0;
			};
			name = Debug;
		};
		709A43971EA3262C0076CED4 /* Release */ = {
			isa = XCBuildConfiguration;
			buildSettings = {
				ALWAYS_EMBED_SWIFT_STANDARD_LIBRARIES = YES;
				DEVELOPMENT_TEAM = Q5YD476ZAX;
				INFOPLIST_FILE = HamsterUIKitTests/Info.plist;
				LD_RUNPATH_SEARCH_PATHS = "$(inherited) @executable_path/Frameworks @loader_path/Frameworks";
				PRODUCT_BUNDLE_IDENTIFIER = howard.HamsterUIKitTests;
				PRODUCT_NAME = "$(TARGET_NAME)";
				SWIFT_VERSION = 3.0;
			};
			name = Release;
		};
/* End XCBuildConfiguration section */

/* Begin XCConfigurationList section */
		7011FE181EB2EC8F00157E9B /* Build configuration list for PBXNativeTarget "HamsterUIKitExample" */ = {
			isa = XCConfigurationList;
			buildConfigurations = (
				7011FE191EB2EC8F00157E9B /* Debug */,
				7011FE1A1EB2EC8F00157E9B /* Release */,
			);
			defaultConfigurationIsVisible = 0;
			defaultConfigurationName = Release;
		};
		709A43781EA3262C0076CED4 /* Build configuration list for PBXProject "HamsterUIKit" */ = {
			isa = XCConfigurationList;
			buildConfigurations = (
				709A43901EA3262C0076CED4 /* Debug */,
				709A43911EA3262C0076CED4 /* Release */,
			);
			defaultConfigurationIsVisible = 0;
			defaultConfigurationName = Release;
		};
		709A43921EA3262C0076CED4 /* Build configuration list for PBXNativeTarget "HamsterUIKit" */ = {
			isa = XCConfigurationList;
			buildConfigurations = (
				709A43931EA3262C0076CED4 /* Debug */,
				709A43941EA3262C0076CED4 /* Release */,
			);
			defaultConfigurationIsVisible = 0;
			defaultConfigurationName = Release;
		};
		709A43951EA3262C0076CED4 /* Build configuration list for PBXNativeTarget "HamsterUIKitTests" */ = {
			isa = XCConfigurationList;
			buildConfigurations = (
				709A43961EA3262C0076CED4 /* Debug */,
				709A43971EA3262C0076CED4 /* Release */,
			);
			defaultConfigurationIsVisible = 0;
			defaultConfigurationName = Release;
		};
/* End XCConfigurationList section */
	};
	rootObject = 709A43751EA3262C0076CED4 /* Project object */;
}
